
Microsoft Visual Studio Solution File, Format Version 12.00
# Visual Studio 15
VisualStudioVersion = 15.0.26430.6
MinimumVisualStudioVersion = 10.0.40219.1
Project("{FAE04EC0-301F-11D3-BF4B-00C04F79EFBC}") = "Sportlab", "Sportlab\Sportlab.csproj", "{E8323756-19BE-44F7-AB82-033CCE06A9C1}"
EndProject
Project("{FAE04EC0-301F-11D3-BF4B-00C04F79EFBC}") = "Sportlab.Tests", "Sportlab.Tests\Sportlab.Tests.csproj", "{8A6C2704-F5DB-491F-8CA4-561197D81A7C}"
EndProject
Global
	GlobalSection(SolutionConfigurationPlatforms) = preSolution
		Debug|Any CPU = Debug|Any CPU
		Release|Any CPU = Release|Any CPU
	EndGlobalSection
	GlobalSection(ProjectConfigurationPlatforms) = postSolution
		{E8323756-19BE-44F7-AB82-033CCE06A9C1}.Debug|Any CPU.ActiveCfg = Debug|Any CPU
		{E8323756-19BE-44F7-AB82-033CCE06A9C1}.Debug|Any CPU.Build.0 = Debug|Any CPU
		{E8323756-19BE-44F7-AB82-033CCE06A9C1}.Release|Any CPU.ActiveCfg = Release|Any CPU
		{E8323756-19BE-44F7-AB82-033CCE06A9C1}.Release|Any CPU.Build.0 = Release|Any CPU
		{8A6C2704-F5DB-491F-8CA4-561197D81A7C}.Debug|Any CPU.ActiveCfg = Debug|Any CPU
		{8A6C2704-F5DB-491F-8CA4-561197D81A7C}.Debug|Any CPU.Build.0 = Debug|Any CPU
		{8A6C2704-F5DB-491F-8CA4-561197D81A7C}.Release|Any CPU.ActiveCfg = Release|Any CPU
		{8A6C2704-F5DB-491F-8CA4-561197D81A7C}.Release|Any CPU.Build.0 = Release|Any CPU
	EndGlobalSection
	GlobalSection(SolutionProperties) = preSolution
		HideSolutionNode = FALSE
	EndGlobalSection
EndGlobal
